
Microsoft Visual Studio Solution File, Format Version 11.00
# Visual Studio 2010
Project("{FAE04EC0-301F-11D3-BF4B-00C04F79EFBC}") = "HolaMundo", "HolaMundo\HolaMundo.csproj", "{6E2B0815-7D48-4244-88F3-01359AA74682}"
EndProject
Global
	GlobalSection(SolutionConfigurationPlatforms) = preSolution
		Debug|x86 = Debug|x86
		Release|x86 = Release|x86
	EndGlobalSection
	GlobalSection(ProjectConfigurationPlatforms) = postSolution
		{6E2B0815-7D48-4244-88F3-01359AA74682}.Debug|x86.ActiveCfg = Debug|x86
		{6E2B0815-7D48-4244-88F3-01359AA74682}.Debug|x86.Build.0 = Debug|x86
		{6E2B0815-7D48-4244-88F3-01359AA74682}.Release|x86.ActiveCfg = Release|x86
		{6E2B0815-7D48-4244-88F3-01359AA74682}.Release|x86.Build.0 = Release|x86
	EndGlobalSection
	GlobalSection(MonoDevelopProperties) = preSolution
		StartupItem = HolaMundo\HolaMundo.csproj
	EndGlobalSection
EndGlobal
